<?xml version="1.0" encoding="utf-8"?>
<Project ToolsVersion="4.0" xmlns="http://schemas.microsoft.com/developer/msbuild/2003">
  <ItemGroup>
    <Filter Include="Source Files">
      <UniqueIdentifier>{4FC737F1-C7A5-4376-A066-2A32D752A2FF}</UniqueIdentifier>
      <Extensions>cpp;c;cc;cxx;c++;cppm;ixx;def;odl;idl;hpj;bat;asm;asmx</Extensions>
    </Filter>
    <Filter Include="Header Files">
      <UniqueIdentifier>{93995380-89BD-4b04-88EB-625FBE52EBFB}</UniqueIdentifier>
      <Extensions>h;hh;hpp;hxx;h++;hm;inl;inc;ipp;xsd</Extensions>
    </Filter>
    <Filter Include="Resource Files">
      <UniqueIdentifier>{67DA6AB6-F800-4c08-8B7A-83BB121AAD01}</UniqueIdentifier>
      <Extensions>rc;ico;cur;bmp;dlg;rc2;rct;bin;rgs;gif;jpg;jpeg;jpe;resx;tiff;tif;png;wav;mfcribbon-ms</Extensions>
    </Filter>
    <Filter Include="Utils">
      <UniqueIdentifier>{02987bdf-4a3c-46d0-b709-4c892c08ef23}</UniqueIdentifier>
    </Filter>
    <Filter Include="Mechanics">
      <UniqueIdentifier>{a713cad5-2cba-4eb1-85a5-56cfd9cb6736}</UniqueIdentifier>
    </Filter>
    <Filter Include="Header Files\Elements">
      <UniqueIdentifier>{a9b67da8-1010-46e4-a9a6-ce326dc93be6}</UniqueIdentifier>
    </Filter>
    <Filter Include="Header Files\Elements\Abstract">
      <UniqueIdentifier>{dcfcf4aa-aab5-410a-ba14-2d24500e1714}</UniqueIdentifier>
    </Filter>
    <Filter Include="Header Files\Attacks">
      <UniqueIdentifier>{1cd0644a-96a1-45b6-8f2e-37ad3e540973}</UniqueIdentifier>
    </Filter>
    <Filter Include="Header Files\Attacks\Abstract">
      <UniqueIdentifier>{3d465a6e-fd71-40f1-a45d-48d92813ba89}</UniqueIdentifier>
    </Filter>
  </ItemGroup>
  <ItemGroup>
    <ClCompile Include="ZombieWordGame.cpp">
      <Filter>Source Files</Filter>
    </ClCompile>
    <ClCompile Include="Player.cpp">
      <Filter>Source Files</Filter>
    </ClCompile>
    <ClCompile Include="VectorCalculator.h">
      <Filter>Utils</Filter>
    </ClCompile>
    <ClCompile Include="MechanicsEnums.h">
      <Filter>Mechanics</Filter>
    </ClCompile>
    <ClCompile Include="Bullet.cpp">
      <Filter>Source Files</Filter>
    </ClCompile>
    <ClCompile Include="Zombie.cpp">
      <Filter>Source Files</Filter>
    </ClCompile>
    <ClCompile Include="Alive.cpp">
      <Filter>Source Files</Filter>
    </ClCompile>
    <ClCompile Include="Attack.cpp">
      <Filter>Source Files</Filter>
    </ClCompile>
    <ClCompile Include="Environment.cpp">
      <Filter>Source Files</Filter>
    </ClCompile>
  </ItemGroup>
  <ItemGroup>
    <None Include="packages.config" />
  </ItemGroup>
  <ItemGroup>
    <ClInclude Include="StatsStruct.h">
      <Filter>Header Files</Filter>
    </ClInclude>
    <ClInclude Include="Element.h">
      <Filter>Header Files\Elements\Abstract</Filter>
    </ClInclude>
    <ClInclude Include="Bullet.h">
      <Filter>Header Files\Attacks</Filter>
    </ClInclude>
    <ClInclude Include="Alive.h">
      <Filter>Header Files\Elements\Abstract</Filter>
    </ClInclude>
    <ClInclude Include="Zombie.h">
      <Filter>Header Files\Elements</Filter>
    </ClInclude>
    <ClInclude Include="Player.h">
      <Filter>Header Files\Elements</Filter>
    </ClInclude>
    <ClInclude Include="AliveRules.h">
      <Filter>Mechanics</Filter>
    </ClInclude>
    <ClInclude Include="Attack.h">
      <Filter>Header Files\Attacks\Abstract</Filter>
    </ClInclude>
    <ClInclude Include="resource.h">
      <Filter>Header Files</Filter>
    </ClInclude>
    <ClInclude Include="SignalTypes.h">
      <Filter>Mechanics</Filter>
    </ClInclude>
    <ClInclude Include="InEnvironment.h">
      <Filter>Header Files\Elements\Abstract</Filter>
    </ClInclude>
    <ClInclude Include="Environment.h">
      <Filter>Header Files\Elements</Filter>
    </ClInclude>
    <ClInclude Include="AliveTypes.h">
      <Filter>Mechanics</Filter>
    </ClInclude>
  </ItemGroup>
  <ItemGroup>
    <ResourceCompile Include="ZombieWordGame.rc">
      <Filter>Resource Files</Filter>
    </ResourceCompile>
  </ItemGroup>
</Project>